{
  "name": "ToolPageApp",
  "version": "1.0.0",
  "lockfileVersion": 2,
  "requires": true,
  "packages": {
    "": {
      "name": "ToolPageApp",
      "version": "1.0.0",
      "dependencies": {
        "@openui5/sap.m": "^1",
        "@openui5/sap.tnt": "^1",
        "@openui5/sap.ui.core": "^1",
        "@openui5/sap.ui.layout": "^1",
        "@openui5/sap.uxap": "^1",
        "@openui5/themelib_sap_fiori_3": "^1"
      },
      "devDependencies": {
        "cors-anywhere": "^0.4.1"
      }
    },
    "node_modules/@openui5/sap.f": {
      "version": "1.100.0",
      "resolved": "https://registry.npmjs.org/@openui5/sap.f/-/sap.f-1.100.0.tgz",
      "integrity": "sha512-5Uipw1bTt6ZWXpqfGJaJ76X5gnt8KED9/JTW3zdZnucBVJ1Wp2Xwd/mTQZ3qWU62YxKdvgW7zh/EeH8Y6sHBGQ==",
      "dependencies": {
        "@openui5/sap.m": "1.100.0",
        "@openui5/sap.ui.core": "1.100.0",
        "@openui5/sap.ui.layout": "1.100.0"
      }
    },
    "node_modules/@openui5/sap.m": {
      "version": "1.100.0",
      "resolved": "https://registry.npmjs.org/@openui5/sap.m/-/sap.m-1.100.0.tgz",
      "integrity": "sha512-+hbbnanrRTOBNUByWHm7pNoo414+kSV3LOOo/x3pmfRUzMeaq89dqfWmW7BzJZG1wmGLDCYYYfO/yv0U0O+VtA==",
      "dependencies": {
        "@openui5/sap.ui.core": "1.100.0",
        "@openui5/sap.ui.layout": "1.100.0",
        "@openui5/sap.ui.unified": "1.100.0"
      }
    },
    "node_modules/@openui5/sap.tnt": {
      "version": "1.100.0",
      "resolved": "https://registry.npmjs.org/@openui5/sap.tnt/-/sap.tnt-1.100.0.tgz",
      "integrity": "sha512-5rjN8y/V8vCEGHD7c+TRQdQ1JKHqba2Sf6xcqdlirhmUxgy6J6MRKc8Ms7kbMKjyDWUCG3zLhE+xrvebAKOSVg==",
      "dependencies": {
        "@openui5/sap.m": "1.100.0",
        "@openui5/sap.ui.core": "1.100.0"
      }
    },
    "node_modules/@openui5/sap.ui.core": {
      "version": "1.100.0",
      "resolved": "https://registry.npmjs.org/@openui5/sap.ui.core/-/sap.ui.core-1.100.0.tgz",
      "integrity": "sha512-ICiCn8MsoI4GPhVzcRYPWzS8lF/olnRktJ+CcVhxougZDlX4eNlsJ9G2cVcBjwXwoI/uKZt2CSam5FVolLeZnw=="
    },
    "node_modules/@openui5/sap.ui.layout": {
      "version": "1.100.0",
      "resolved": "https://registry.npmjs.org/@openui5/sap.ui.layout/-/sap.ui.layout-1.100.0.tgz",
      "integrity": "sha512-PPaxwK92rlM7z/tR03JREw51jw8olyqn/XtKOdRrjVQSRwEcQ/3jLdP48w//LbXjaheIdiRlTIcNO3IxfXYx6A==",
      "dependencies": {
        "@openui5/sap.ui.core": "1.100.0"
      }
    },
    "node_modules/@openui5/sap.ui.unified": {
      "version": "1.100.0",
      "resolved": "https://registry.npmjs.org/@openui5/sap.ui.unified/-/sap.ui.unified-1.100.0.tgz",
      "integrity": "sha512-d9cJUooRdD6BIxrXYqHPUEFZw80N6Cpg19WhdWxR/htcDUKimGvvB2DlCL2CSd7fq7LW7TagjiTqFVRSH3XS+g==",
      "dependencies": {
        "@openui5/sap.ui.core": "1.100.0"
      }
    },
    "node_modules/@openui5/sap.uxap": {
      "version": "1.100.0",
      "resolved": "https://registry.npmjs.org/@openui5/sap.uxap/-/sap.uxap-1.100.0.tgz",
      "integrity": "sha512-OARW662qIgP9qcxBtDWQfkfiUhGXikRTqQYmZCP7uFBt2vnDjaPlaCMyQWkDCsdkWx68AdSi4QfL+1BdD6H+ng==",
      "dependencies": {
        "@openui5/sap.f": "1.100.0",
        "@openui5/sap.m": "1.100.0",
        "@openui5/sap.ui.core": "1.100.0",
        "@openui5/sap.ui.layout": "1.100.0"
      }
    },
    "node_modules/@openui5/themelib_sap_fiori_3": {
      "version": "1.100.0",
      "resolved": "https://registry.npmjs.org/@openui5/themelib_sap_fiori_3/-/themelib_sap_fiori_3-1.100.0.tgz",
      "integrity": "sha512-iv6qi0hj+68kG4Bvt/Cr4JI7a/yHWQoIlvFBa6O4DTR5tkBujIkaONP5RWl1qyAMwg0hZsCE+9gEgFu/RlMQJg=="
    },
    "node_modules/cors-anywhere": {
      "version": "0.4.4",
      "resolved": "https://registry.npmjs.org/cors-anywhere/-/cors-anywhere-0.4.4.tgz",
      "integrity": "sha512-8OBFwnzMgR4mNrAeAyOLB2EruS2z7u02of2bOu7i9kKYlZG+niS7CTHLPgEXKWW2NAOJWRry9RRCaL9lJRjNqg==",
      "dev": true,
      "dependencies": {
        "http-proxy": "1.11.1",
        "proxy-from-env": "0.0.1"
      },
      "engines": {
        "node": ">=0.10.0"
      }
    },
    "node_modules/eventemitter3": {
      "version": "1.2.0",
      "resolved": "https://registry.npmjs.org/eventemitter3/-/eventemitter3-1.2.0.tgz",
      "integrity": "sha1-HIaZHYFq0eUEdQ5zh0Ik7PO+xQg=",
      "dev": true
    },
    "node_modules/http-proxy": {
      "version": "1.11.1",
      "resolved": "https://registry.npmjs.org/http-proxy/-/http-proxy-1.11.1.tgz",
      "integrity": "sha1-cd9VdX6ALVjqgQ3yJEAZ3aBa6F0=",
      "dev": true,
      "dependencies": {
        "eventemitter3": "1.x.x",
        "requires-port": "0.x.x"
      },
      "engines": {
        "node": ">=0.10.0"
      }
    },
    "node_modules/proxy-from-env": {
      "version": "0.0.1",
      "resolved": "https://registry.npmjs.org/proxy-from-env/-/proxy-from-env-0.0.1.tgz",
      "integrity": "sha1-snxJRunm1dutt1mKZDXTAUxM/Uk=",
      "dev": true
    },
    "node_modules/requires-port": {
      "version": "0.0.1",
      "resolved": "https://registry.npmjs.org/requires-port/-/requires-port-0.0.1.tgz",
      "integrity": "sha1-S0QUQR2d98hVmV3YmajHiilRwW0=",
      "dev": true
    }
  },
  "dependencies": {
    "@openui5/sap.f": {
      "version": "1.100.0",
      "resolved": "https://registry.npmjs.org/@openui5/sap.f/-/sap.f-1.100.0.tgz",
      "integrity": "sha512-5Uipw1bTt6ZWXpqfGJaJ76X5gnt8KED9/JTW3zdZnucBVJ1Wp2Xwd/mTQZ3qWU62YxKdvgW7zh/EeH8Y6sHBGQ==",
      "requires": {
        "@openui5/sap.m": "1.100.0",
        "@openui5/sap.ui.core": "1.100.0",
        "@openui5/sap.ui.layout": "1.100.0"
      }
    },
    "@openui5/sap.m": {
      "version": "1.100.0",
      "resolved": "https://registry.npmjs.org/@openui5/sap.m/-/sap.m-1.100.0.tgz",
      "integrity": "sha512-+hbbnanrRTOBNUByWHm7pNoo414+kSV3LOOo/x3pmfRUzMeaq89dqfWmW7BzJZG1wmGLDCYYYfO/yv0U0O+VtA==",
      "requires": {
        "@openui5/sap.ui.core": "1.100.0",
        "@openui5/sap.ui.layout": "1.100.0",
        "@openui5/sap.ui.unified": "1.100.0"
      }
    },
    "@openui5/sap.tnt": {
      "version": "1.100.0",
      "resolved": "https://registry.npmjs.org/@openui5/sap.tnt/-/sap.tnt-1.100.0.tgz",
      "integrity": "sha512-5rjN8y/V8vCEGHD7c+TRQdQ1JKHqba2Sf6xcqdlirhmUxgy6J6MRKc8Ms7kbMKjyDWUCG3zLhE+xrvebAKOSVg==",
      "requires": {
        "@openui5/sap.m": "1.100.0",
        "@openui5/sap.ui.core": "1.100.0"
      }
    },
    "@openui5/sap.ui.core": {
      "version": "1.100.0",
      "resolved": "https://registry.npmjs.org/@openui5/sap.ui.core/-/sap.ui.core-1.100.0.tgz",
      "integrity": "sha512-ICiCn8MsoI4GPhVzcRYPWzS8lF/olnRktJ+CcVhxougZDlX4eNlsJ9G2cVcBjwXwoI/uKZt2CSam5FVolLeZnw=="
    },
    "@openui5/sap.ui.layout": {
      "version": "1.100.0",
      "resolved": "https://registry.npmjs.org/@openui5/sap.ui.layout/-/sap.ui.layout-1.100.0.tgz",
      "integrity": "sha512-PPaxwK92rlM7z/tR03JREw51jw8olyqn/XtKOdRrjVQSRwEcQ/3jLdP48w//LbXjaheIdiRlTIcNO3IxfXYx6A==",
      "requires": {
        "@openui5/sap.ui.core": "1.100.0"
      }
    },
    "@openui5/sap.ui.unified": {
      "version": "1.100.0",
      "resolved": "https://registry.npmjs.org/@openui5/sap.ui.unified/-/sap.ui.unified-1.100.0.tgz",
      "integrity": "sha512-d9cJUooRdD6BIxrXYqHPUEFZw80N6Cpg19WhdWxR/htcDUKimGvvB2DlCL2CSd7fq7LW7TagjiTqFVRSH3XS+g==",
      "requires": {
        "@openui5/sap.ui.core": "1.100.0"
      }
    },
    "@openui5/sap.uxap": {
      "version": "1.100.0",
      "resolved": "https://registry.npmjs.org/@openui5/sap.uxap/-/sap.uxap-1.100.0.tgz",
      "integrity": "sha512-OARW662qIgP9qcxBtDWQfkfiUhGXikRTqQYmZCP7uFBt2vnDjaPlaCMyQWkDCsdkWx68AdSi4QfL+1BdD6H+ng==",
      "requires": {
        "@openui5/sap.f": "1.100.0",
        "@openui5/sap.m": "1.100.0",
        "@openui5/sap.ui.core": "1.100.0",
        "@openui5/sap.ui.layout": "1.100.0"
      }
    },
    "@openui5/themelib_sap_fiori_3": {
      "version": "1.100.0",
      "resolved": "https://registry.npmjs.org/@openui5/themelib_sap_fiori_3/-/themelib_sap_fiori_3-1.100.0.tgz",
      "integrity": "sha512-iv6qi0hj+68kG4Bvt/Cr4JI7a/yHWQoIlvFBa6O4DTR5tkBujIkaONP5RWl1qyAMwg0hZsCE+9gEgFu/RlMQJg=="
    },
    "cors-anywhere": {
      "version": "0.4.4",
      "resolved": "https://registry.npmjs.org/cors-anywhere/-/cors-anywhere-0.4.4.tgz",
      "integrity": "sha512-8OBFwnzMgR4mNrAeAyOLB2EruS2z7u02of2bOu7i9kKYlZG+niS7CTHLPgEXKWW2NAOJWRry9RRCaL9lJRjNqg==",
      "dev": true,
      "requires": {
        "http-proxy": "1.11.1",
        "proxy-from-env": "0.0.1"
      }
    },
    "eventemitter3": {
      "version": "1.2.0",
      "resolved": "https://registry.npmjs.org/eventemitter3/-/eventemitter3-1.2.0.tgz",
      "integrity": "sha1-HIaZHYFq0eUEdQ5zh0Ik7PO+xQg=",
      "dev": true
    },
    "http-proxy": {
      "version": "1.11.1",
      "resolved": "https://registry.npmjs.org/http-proxy/-/http-proxy-1.11.1.tgz",
      "integrity": "sha1-cd9VdX6ALVjqgQ3yJEAZ3aBa6F0=",
      "dev": true,
      "requires": {
        "eventemitter3": "1.x.x",
        "requires-port": "0.x.x"
      }
    },
    "proxy-from-env": {
      "version": "0.0.1",
      "resolved": "https://registry.npmjs.org/proxy-from-env/-/proxy-from-env-0.0.1.tgz",
      "integrity": "sha1-snxJRunm1dutt1mKZDXTAUxM/Uk=",
      "dev": true
    },
    "requires-port": {
      "version": "0.0.1",
      "resolved": "https://registry.npmjs.org/requires-port/-/requires-port-0.0.1.tgz",
      "integrity": "sha1-S0QUQR2d98hVmV3YmajHiilRwW0=",
      "dev": true
    }
  }
}
